
Microsoft Visual Studio Solution File, Format Version 12.00
# Visual Studio 15
VisualStudioVersion = 15.0.27703.2018
MinimumVisualStudioVersion = 10.0.40219.1
Project("{9A19103F-16F7-4668-BE54-9A1E7A4F7556}") = "API", "src\API\API.csproj", "{C3261E29-CF80-432D-B544-CE6E0B1D58E4}"
EndProject
Project("{2150E333-8FDC-42A3-9474-1A3956D46DE8}") = "src", "src", "{AE03278C-7780-4A32-846A-3AE10CB90517}"
EndProject
Project("{2150E333-8FDC-42A3-9474-1A3956D46DE8}") = "solution items", "solution items", "{9434DF43-9D83-4424-B528-122D64591989}"
	ProjectSection(SolutionItems) = preProject
		Readme.md = Readme.md
	EndProjectSection
EndProject
Global
	GlobalSection(SolutionConfigurationPlatforms) = preSolution
		Debug|Any CPU = Debug|Any CPU
		Release|Any CPU = Release|Any CPU
	EndGlobalSection
	GlobalSection(ProjectConfigurationPlatforms) = postSolution
		{C3261E29-CF80-432D-B544-CE6E0B1D58E4}.Debug|Any CPU.ActiveCfg = Debug|Any CPU
		{C3261E29-CF80-432D-B544-CE6E0B1D58E4}.Debug|Any CPU.Build.0 = Debug|Any CPU
		{C3261E29-CF80-432D-B544-CE6E0B1D58E4}.Release|Any CPU.ActiveCfg = Release|Any CPU
		{C3261E29-CF80-432D-B544-CE6E0B1D58E4}.Release|Any CPU.Build.0 = Release|Any CPU
	EndGlobalSection
	GlobalSection(SolutionProperties) = preSolution
		HideSolutionNode = FALSE
	EndGlobalSection
	GlobalSection(NestedProjects) = preSolution
		{C3261E29-CF80-432D-B544-CE6E0B1D58E4} = {AE03278C-7780-4A32-846A-3AE10CB90517}
	EndGlobalSection
	GlobalSection(ExtensibilityGlobals) = postSolution
		SolutionGuid = {8E9A4310-632B-412D-BF7B-8F6070C9AFAC}
	EndGlobalSection
EndGlobal
